{
  "name": "qobuz-dl-cli",
  "version": "0.0.1",
  "lockfileVersion": 3,
  "requires": true,
  "packages": {
    "": {
      "name": "qobuz-dl-cli",
      "version": "0.0.1",
      "license": "GPL-3.0",
      "dependencies": {
        "@ckcr4lyf/logger": "^0.0.7"
      }
    },
    "node_modules/@ckcr4lyf/logger": {
      "version": "0.0.7",
      "resolved": "https://registry.npmjs.org/@ckcr4lyf/logger/-/logger-0.0.7.tgz",
      "integrity": "sha512-Fhb2F1nJpk8YVSS5GiQouF0w7oypFKfUWqcUrN2FboSfYKMksO1AI1enClWUPzzYz+rPhJXIGgoSl2RNCuFlcA=="
    }
  }
}
